// !$*UTF8*$!
{
	archiveVersion = 1;
	classes = {
	};
	objectVersion = 77;
	objects = {

/* Begin PBXBuildFile section */
		446360882E441E6B0077A2E2 /* CoreBluetooth.framework in Frameworks */ = {isa = PBXBuildFile; fileRef = 446360872E441E6B0077A2E2 /* CoreBluetooth.framework */; };
		446360AA2E4471B70077A2E2 /* ModernSlider in Frameworks */ = {isa = PBXBuildFile; productRef = 446360A92E4471B70077A2E2 /* ModernSlider */; };
/* End PBXBuildFile section */

/* Begin PBXContainerItemProxy section */
		446360682E441CF40077A2E2 /* PBXContainerItemProxy */ = {
			isa = PBXContainerItemProxy;
			containerPortal = 4463604F2E441CF30077A2E2 /* Project object */;
			proxyType = 1;
			remoteGlobalIDString = 446360562E441CF30077A2E2;
			remoteInfo = "Music Strip";
		};
		446360722E441CF40077A2E2 /* PBXContainerItemProxy */ = {
			isa = PBXContainerItemProxy;
			containerPortal = 4463604F2E441CF30077A2E2 /* Project object */;
			proxyType = 1;
			remoteGlobalIDString = 446360562E441CF30077A2E2;
			remoteInfo = "Music Strip";
		};
/* End PBXContainerItemProxy section */

/* Begin PBXFileReference section */
		446360572E441CF30077A2E2 /* Music Strip.app */ = {isa = PBXFileReference; explicitFileType = wrapper.application; includeInIndex = 0; path = "Music Strip.app"; sourceTree = BUILT_PRODUCTS_DIR; };
		446360672E441CF40077A2E2 /* Music StripTests.xctest */ = {isa = PBXFileReference; explicitFileType = wrapper.cfbundle; includeInIndex = 0; path = "Music StripTests.xctest"; sourceTree = BUILT_PRODUCTS_DIR; };
		446360712E441CF40077A2E2 /* Music StripUITests.xctest */ = {isa = PBXFileReference; explicitFileType = wrapper.cfbundle; includeInIndex = 0; path = "Music StripUITests.xctest"; sourceTree = BUILT_PRODUCTS_DIR; };
		446360872E441E6B0077A2E2 /* CoreBluetooth.framework */ = {isa = PBXFileReference; lastKnownFileType = wrapper.framework; name = CoreBluetooth.framework; path = System/Library/Frameworks/CoreBluetooth.framework; sourceTree = SDKROOT; };
/* End PBXFileReference section */

/* Begin PBXFileSystemSynchronizedRootGroup section */
		446360592E441CF30077A2E2 /* Music Strip */ = {
			isa = PBXFileSystemSynchronizedRootGroup;
			path = "Music Strip";
			sourceTree = "<group>";
		};
		4463606A2E441CF40077A2E2 /* Music StripTests */ = {
			isa = PBXFileSystemSynchronizedRootGroup;
			path = "Music StripTests";
			sourceTree = "<group>";
		};
		446360742E441CF40077A2E2 /* Music StripUITests */ = {
			isa = PBXFileSystemSynchronizedRootGroup;
			path = "Music StripUITests";
			sourceTree = "<group>";
		};
/* End PBXFileSystemSynchronizedRootGroup section */

/* Begin PBXFrameworksBuildPhase section */
		446360542E441CF30077A2E2 /* Frameworks */ = {
			isa = PBXFrameworksBuildPhase;
			buildActionMask = 2147483647;
			files = (
				446360AA2E4471B70077A2E2 /* ModernSlider in Frameworks */,
				446360882E441E6B0077A2E2 /* CoreBluetooth.framework in Frameworks */,
			);
			runOnlyForDeploymentPostprocessing = 0;
		};
		446360642E441CF40077A2E2 /* Frameworks */ = {
			isa = PBXFrameworksBuildPhase;
			buildActionMask = 2147483647;
			files = (
			);
			runOnlyForDeploymentPostprocessing = 0;
		};
		4463606E2E441CF40077A2E2 /* Frameworks */ = {
			isa = PBXFrameworksBuildPhase;
			buildActionMask = 2147483647;
			files = (
			);
			runOnlyForDeploymentPostprocessing = 0;
		};
/* End PBXFrameworksBuildPhase section */

/* Begin PBXGroup section */
		4463604E2E441CF30077A2E2 = {
			isa = PBXGroup;
			children = (
				446360592E441CF30077A2E2 /* Music Strip */,
				4463606A2E441CF40077A2E2 /* Music StripTests */,
				446360742E441CF40077A2E2 /* Music StripUITests */,
				446360862E441E6B0077A2E2 /* Frameworks */,
				446360582E441CF30077A2E2 /* Products */,
			);
			sourceTree = "<group>";
		};
		446360582E441CF30077A2E2 /* Products */ = {
			isa = PBXGroup;
			children = (
				446360572E441CF30077A2E2 /* Music Strip.app */,
				446360672E441CF40077A2E2 /* Music StripTests.xctest */,
				446360712E441CF40077A2E2 /* Music StripUITests.xctest */,
			);
			name = Products;
			sourceTree = "<group>";
		};
		446360862E441E6B0077A2E2 /* Frameworks */ = {
			isa = PBXGroup;
			children = (
				446360872E441E6B0077A2E2 /* CoreBluetooth.framework */,
			);
			name = Frameworks;
			sourceTree = "<group>";
		};
/* End PBXGroup section */

/* Begin PBXNativeTarget section */
		446360562E441CF30077A2E2 /* Music Strip */ = {
			isa = PBXNativeTarget;
			buildConfigurationList = 4463607B2E441CF40077A2E2 /* Build configuration list for PBXNativeTarget "Music Strip" */;
			buildPhases = (
				446360532E441CF30077A2E2 /* Sources */,
				446360542E441CF30077A2E2 /* Frameworks */,
				446360552E441CF30077A2E2 /* Resources */,
			);
			buildRules = (
			);
			dependencies = (
			);
			fileSystemSynchronizedGroups = (
				446360592E441CF30077A2E2 /* Music Strip */,
			);
			name = "Music Strip";
			packageProductDependencies = (
				446360A92E4471B70077A2E2 /* ModernSlider */,
			);
			productName = "Music Strip";
			productReference = 446360572E441CF30077A2E2 /* Music Strip.app */;
			productType = "com.apple.product-type.application";
		};
		446360662E441CF40077A2E2 /* Music StripTests */ = {
			isa = PBXNativeTarget;
			buildConfigurationList = 4463607E2E441CF40077A2E2 /* Build configuration list for PBXNativeTarget "Music StripTests" */;
			buildPhases = (
				446360632E441CF40077A2E2 /* Sources */,
				446360642E441CF40077A2E2 /* Frameworks */,
				446360652E441CF40077A2E2 /* Resources */,
			);
			buildRules = (
			);
			dependencies = (
				446360692E441CF40077A2E2 /* PBXTargetDependency */,
			);
			fileSystemSynchronizedGroups = (
				4463606A2E441CF40077A2E2 /* Music StripTests */,
			);
			name = "Music StripTests";
			packageProductDependencies = (
			);
			productName = "Music StripTests";
			productReference = 446360672E441CF40077A2E2 /* Music StripTests.xctest */;
			productType = "com.apple.product-type.bundle.unit-test";
		};
		446360702E441CF40077A2E2 /* Music StripUITests */ = {
			isa = PBXNativeTarget;
			buildConfigurationList = 446360812E441CF40077A2E2 /* Build configuration list for PBXNativeTarget "Music StripUITests" */;
			buildPhases = (
				4463606D2E441CF40077A2E2 /* Sources */,
				4463606E2E441CF40077A2E2 /* Frameworks */,
				4463606F2E441CF40077A2E2 /* Resources */,
			);
			buildRules = (
			);
			dependencies = (
				446360732E441CF40077A2E2 /* PBXTargetDependency */,
			);
			fileSystemSynchronizedGroups = (
				446360742E441CF40077A2E2 /* Music StripUITests */,
			);
			name = "Music StripUITests";
			packageProductDependencies = (
			);
			productName = "Music StripUITests";
			productReference = 446360712E441CF40077A2E2 /* Music StripUITests.xctest */;
			productType = "com.apple.product-type.bundle.ui-testing";
		};
/* End PBXNativeTarget section */

/* Begin PBXProject section */
		4463604F2E441CF30077A2E2 /* Project object */ = {
			isa = PBXProject;
			attributes = {
				BuildIndependentTargetsInParallel = 1;
				LastSwiftUpdateCheck = 1620;
				LastUpgradeCheck = 1620;
				TargetAttributes = {
					446360562E441CF30077A2E2 = {
						CreatedOnToolsVersion = 16.2;
					};
					446360662E441CF40077A2E2 = {
						CreatedOnToolsVersion = 16.2;
						TestTargetID = 446360562E441CF30077A2E2;
					};
					446360702E441CF40077A2E2 = {
						CreatedOnToolsVersion = 16.2;
						TestTargetID = 446360562E441CF30077A2E2;
					};
				};
			};
			buildConfigurationList = 446360522E441CF30077A2E2 /* Build configuration list for PBXProject "Music Strip" */;
			developmentRegion = en;
			hasScannedForEncodings = 0;
			knownRegions = (
				en,
				Base,
			);
			mainGroup = 4463604E2E441CF30077A2E2;
			minimizedProjectReferenceProxies = 1;
			packageReferences = (
				446360A82E4471B70077A2E2 /* XCRemoteSwiftPackageReference "ModernSlider" */,
			);
			preferredProjectObjectVersion = 77;
			productRefGroup = 446360582E441CF30077A2E2 /* Products */;
			projectDirPath = "";
			projectRoot = "";
			targets = (
				446360562E441CF30077A2E2 /* Music Strip */,
				446360662E441CF40077A2E2 /* Music StripTests */,
				446360702E441CF40077A2E2 /* Music StripUITests */,
			);
		};
/* End PBXProject section */

/* Begin PBXResourcesBuildPhase section */
		446360552E441CF30077A2E2 /* Resources */ = {
			isa = PBXResourcesBuildPhase;
			buildActionMask = 2147483647;
			files = (
			);
			runOnlyForDeploymentPostprocessing = 0;
		};
		446360652E441CF40077A2E2 /* Resources */ = {
			isa = PBXResourcesBuildPhase;
			buildActionMask = 2147483647;
			files = (
			);
			runOnlyForDeploymentPostprocessing = 0;
		};
		4463606F2E441CF40077A2E2 /* Resources */ = {
			isa = PBXResourcesBuildPhase;
			buildActionMask = 2147483647;
			files = (
			);
			runOnlyForDeploymentPostprocessing = 0;
		};
/* End PBXResourcesBuildPhase section */

/* Begin PBXSourcesBuildPhase section */
		446360532E441CF30077A2E2 /* Sources */ = {
			isa = PBXSourcesBuildPhase;
			buildActionMask = 2147483647;
			files = (
			);
			runOnlyForDeploymentPostprocessing = 0;
		};
		446360632E441CF40077A2E2 /* Sources */ = {
			isa = PBXSourcesBuildPhase;
			buildActionMask = 2147483647;
			files = (
			);
			runOnlyForDeploymentPostprocessing = 0;
		};
		4463606D2E441CF40077A2E2 /* Sources */ = {
			isa = PBXSourcesBuildPhase;
			buildActionMask = 2147483647;
			files = (
			);
			runOnlyForDeploymentPostprocessing = 0;
		};
/* End PBXSourcesBuildPhase section */

/* Begin PBXTargetDependency section */
		446360692E441CF40077A2E2 /* PBXTargetDependency */ = {
			isa = PBXTargetDependency;
			target = 446360562E441CF30077A2E2 /* Music Strip */;
			targetProxy = 446360682E441CF40077A2E2 /* PBXContainerItemProxy */;
		};
		446360732E441CF40077A2E2 /* PBXTargetDependency */ = {
			isa = PBXTargetDependency;
			target = 446360562E441CF30077A2E2 /* Music Strip */;
			targetProxy = 446360722E441CF40077A2E2 /* PBXContainerItemProxy */;
		};
/* End PBXTargetDependency section */

/* Begin XCBuildConfiguration section */
		446360792E441CF40077A2E2 /* Debug */ = {
			isa = XCBuildConfiguration;
			buildSettings = {
				ALWAYS_SEARCH_USER_PATHS = NO;
				ASSETCATALOG_COMPILER_GENERATE_SWIFT_ASSET_SYMBOL_EXTENSIONS = YES;
				CLANG_ANALYZER_NONNULL = YES;
				CLANG_ANALYZER_NUMBER_OBJECT_CONVERSION = YES_AGGRESSIVE;
				CLANG_CXX_LANGUAGE_STANDARD = "gnu++20";
				CLANG_ENABLE_MODULES = YES;
				CLANG_ENABLE_OBJC_ARC = YES;
				CLANG_ENABLE_OBJC_WEAK = YES;
				CLANG_WARN_BLOCK_CAPTURE_AUTORELEASING = YES;
				CLANG_WARN_BOOL_CONVERSION = YES;
				CLANG_WARN_COMMA = YES;
				CLANG_WARN_CONSTANT_CONVERSION = YES;
				CLANG_WARN_DEPRECATED_OBJC_IMPLEMENTATIONS = YES;
				CLANG_WARN_DIRECT_OBJC_ISA_USAGE = YES_ERROR;
				CLANG_WARN_DOCUMENTATION_COMMENTS = YES;
				CLANG_WARN_EMPTY_BODY = YES;
				CLANG_WARN_ENUM_CONVERSION = YES;
				CLANG_WARN_INFINITE_RECURSION = YES;
				CLANG_WARN_INT_CONVERSION = YES;
				CLANG_WARN_NON_LITERAL_NULL_CONVERSION = YES;
				CLANG_WARN_OBJC_IMPLICIT_RETAIN_SELF = YES;
				CLANG_WARN_OBJC_LITERAL_CONVERSION = YES;
				CLANG_WARN_OBJC_ROOT_CLASS = YES_ERROR;
				CLANG_WARN_QUOTED_INCLUDE_IN_FRAMEWORK_HEADER = YES;
				CLANG_WARN_RANGE_LOOP_ANALYSIS = YES;
				CLANG_WARN_STRICT_PROTOTYPES = YES;
				CLANG_WARN_SUSPICIOUS_MOVE = YES;
				CLANG_WARN_UNGUARDED_AVAILABILITY = YES_AGGRESSIVE;
				CLANG_WARN_UNREACHABLE_CODE = YES;
				CLANG_WARN__DUPLICATE_METHOD_MATCH = YES;
				COPY_PHASE_STRIP = NO;
				DEBUG_INFORMATION_FORMAT = dwarf;
				ENABLE_STRICT_OBJC_MSGSEND = YES;
				ENABLE_TESTABILITY = YES;
				ENABLE_USER_SCRIPT_SANDBOXING = YES;
				GCC_C_LANGUAGE_STANDARD = gnu17;
				GCC_DYNAMIC_NO_PIC = NO;
				GCC_NO_COMMON_BLOCKS = YES;
				GCC_OPTIMIZATION_LEVEL = 0;
				GCC_PREPROCESSOR_DEFINITIONS = (
					"DEBUG=1",
					"$(inherited)",
				);
				GCC_WARN_64_TO_32_BIT_CONVERSION = YES;
				GCC_WARN_ABOUT_RETURN_TYPE = YES_ERROR;
				GCC_WARN_UNDECLARED_SELECTOR = YES;
				GCC_WARN_UNINITIALIZED_AUTOS = YES_AGGRESSIVE;
				GCC_WARN_UNUSED_FUNCTION = YES;
				GCC_WARN_UNUSED_VARIABLE = YES;
				IPHONEOS_DEPLOYMENT_TARGET = 18.2;
				LOCALIZATION_PREFERS_STRING_CATALOGS = YES;
				MTL_ENABLE_DEBUG_INFO = INCLUDE_SOURCE;
				MTL_FAST_MATH = YES;
				ONLY_ACTIVE_ARCH = YES;
				SDKROOT = iphoneos;
				SWIFT_ACTIVE_COMPILATION_CONDITIONS = "DEBUG $(inherited)";
				SWIFT_OPTIMIZATION_LEVEL = "-Onone";
			};
			name = Debug;
		};
		4463607A2E441CF40077A2E2 /* Release */ = {
			isa = XCBuildConfiguration;
			buildSettings = {
				ALWAYS_SEARCH_USER_PATHS = NO;
				ASSETCATALOG_COMPILER_GENERATE_SWIFT_ASSET_SYMBOL_EXTENSIONS = YES;
				CLANG_ANALYZER_NONNULL = YES;
				CLANG_ANALYZER_NUMBER_OBJECT_CONVERSION = YES_AGGRESSIVE;
				CLANG_CXX_LANGUAGE_STANDARD = "gnu++20";
				CLANG_ENABLE_MODULES = YES;
				CLANG_ENABLE_OBJC_ARC = YES;
				CLANG_ENABLE_OBJC_WEAK = YES;
				CLANG_WARN_BLOCK_CAPTURE_AUTORELEASING = YES;
				CLANG_WARN_BOOL_CONVERSION = YES;
				CLANG_WARN_COMMA = YES;
				CLANG_WARN_CONSTANT_CONVERSION = YES;
				CLANG_WARN_DEPRECATED_OBJC_IMPLEMENTATIONS = YES;
				CLANG_WARN_DIRECT_OBJC_ISA_USAGE = YES_ERROR;
				CLANG_WARN_DOCUMENTATION_COMMENTS = YES;
				CLANG_WARN_EMPTY_BODY = YES;
				CLANG_WARN_ENUM_CONVERSION = YES;
				CLANG_WARN_INFINITE_RECURSION = YES;
				CLANG_WARN_INT_CONVERSION = YES;
				CLANG_WARN_NON_LITERAL_NULL_CONVERSION = YES;
				CLANG_WARN_OBJC_IMPLICIT_RETAIN_SELF = YES;
				CLANG_WARN_OBJC_LITERAL_CONVERSION = YES;
				CLANG_WARN_OBJC_ROOT_CLASS = YES_ERROR;
				CLANG_WARN_QUOTED_INCLUDE_IN_FRAMEWORK_HEADER = YES;
				CLANG_WARN_RANGE_LOOP_ANALYSIS = YES;
				CLANG_WARN_STRICT_PROTOTYPES = YES;
				CLANG_WARN_SUSPICIOUS_MOVE = YES;
				CLANG_WARN_UNGUARDED_AVAILABILITY = YES_AGGRESSIVE;
				CLANG_WARN_UNREACHABLE_CODE = YES;
				CLANG_WARN__DUPLICATE_METHOD_MATCH = YES;
				COPY_PHASE_STRIP = NO;
				DEBUG_INFORMATION_FORMAT = "dwarf-with-dsym";
				ENABLE_NS_ASSERTIONS = NO;
				ENABLE_STRICT_OBJC_MSGSEND = YES;
				ENABLE_USER_SCRIPT_SANDBOXING = YES;
				GCC_C_LANGUAGE_STANDARD = gnu17;
				GCC_NO_COMMON_BLOCKS = YES;
				GCC_WARN_64_TO_32_BIT_CONVERSION = YES;
				GCC_WARN_ABOUT_RETURN_TYPE = YES_ERROR;
				GCC_WARN_UNDECLARED_SELECTOR = YES;
				GCC_WARN_UNINITIALIZED_AUTOS = YES_AGGRESSIVE;
				GCC_WARN_UNUSED_FUNCTION = YES;
				GCC_WARN_UNUSED_VARIABLE = YES;
				IPHONEOS_DEPLOYMENT_TARGET = 18.2;
				LOCALIZATION_PREFERS_STRING_CATALOGS = YES;
				MTL_ENABLE_DEBUG_INFO = NO;
				MTL_FAST_MATH = YES;
				SDKROOT = iphoneos;
				SWIFT_COMPILATION_MODE = wholemodule;
				VALIDATE_PRODUCT = YES;
			};
			name = Release;
		};
		4463607C2E441CF40077A2E2 /* Debug */ = {
			isa = XCBuildConfiguration;
			buildSettings = {
				ASSETCATALOG_COMPILER_APPICON_NAME = AppIcon;
				ASSETCATALOG_COMPILER_GLOBAL_ACCENT_COLOR_NAME = AccentColor;
				CODE_SIGN_STYLE = Automatic;
				CURRENT_PROJECT_VERSION = 1;
				DEVELOPMENT_ASSET_PATHS = "\"Music Strip/Preview Content\"";
				DEVELOPMENT_TEAM = D7Q7DB5R8J;
				ENABLE_PREVIEWS = YES;
				GENERATE_INFOPLIST_FILE = YES;
				INFOPLIST_FILE = "Music-Strip-Info.plist";
				INFOPLIST_KEY_CFBundleDisplayName = "Music Strip";
				INFOPLIST_KEY_NSBluetoothAlwaysUsageDescription = "Bluetooth access required";
				INFOPLIST_KEY_NSBluetoothPeripheralUsageDescription = "Bluetooth access required";
				INFOPLIST_KEY_UIApplicationSceneManifest_Generation = YES;
				INFOPLIST_KEY_UIApplicationSupportsIndirectInputEvents = YES;
				INFOPLIST_KEY_UILaunchScreen_Generation = YES;
				INFOPLIST_KEY_UIStatusBarStyle = "";
				INFOPLIST_KEY_UISupportedInterfaceOrientations_iPad = "UIInterfaceOrientationPortrait UIInterfaceOrientationPortraitUpsideDown UIInterfaceOrientationLandscapeLeft UIInterfaceOrientationLandscapeRight";
				INFOPLIST_KEY_UISupportedInterfaceOrientations_iPhone = "UIInterfaceOrientationPortrait UIInterfaceOrientationLandscapeLeft UIInterfaceOrientationLandscapeRight";
				IPHONEOS_DEPLOYMENT_TARGET = 18.0;
				LD_RUNPATH_SEARCH_PATHS = (
					"$(inherited)",
					"@executable_path/Frameworks",
				);
				MARKETING_VERSION = 1.0;
				PRODUCT_BUNDLE_IDENTIFIER = "sladdagiri.Music-Strip";
				PRODUCT_NAME = "$(TARGET_NAME)";
				SWIFT_EMIT_LOC_STRINGS = YES;
				SWIFT_VERSION = 5.0;
				TARGETED_DEVICE_FAMILY = "1,2";
			};
			name = Debug;
		};
		4463607D2E441CF40077A2E2 /* Release */ = {
			isa = XCBuildConfiguration;
			buildSettings = {
				ASSETCATALOG_COMPILER_APPICON_NAME = AppIcon;
				ASSETCATALOG_COMPILER_GLOBAL_ACCENT_COLOR_NAME = AccentColor;
				CODE_SIGN_STYLE = Automatic;
				CURRENT_PROJECT_VERSION = 1;
				DEVELOPMENT_ASSET_PATHS = "\"Music Strip/Preview Content\"";
				DEVELOPMENT_TEAM = D7Q7DB5R8J;
				ENABLE_PREVIEWS = YES;
				GENERATE_INFOPLIST_FILE = YES;
				INFOPLIST_FILE = "Music-Strip-Info.plist";
				INFOPLIST_KEY_CFBundleDisplayName = "Music Strip";
				INFOPLIST_KEY_NSBluetoothAlwaysUsageDescription = "Bluetooth access required";
				INFOPLIST_KEY_NSBluetoothPeripheralUsageDescription = "Bluetooth access required";
				INFOPLIST_KEY_UIApplicationSceneManifest_Generation = YES;
				INFOPLIST_KEY_UIApplicationSupportsIndirectInputEvents = YES;
				INFOPLIST_KEY_UILaunchScreen_Generation = YES;
				INFOPLIST_KEY_UIStatusBarStyle = "";
				INFOPLIST_KEY_UISupportedInterfaceOrientations_iPad = "UIInterfaceOrientationPortrait UIInterfaceOrientationPortraitUpsideDown UIInterfaceOrientationLandscapeLeft UIInterfaceOrientationLandscapeRight";
				INFOPLIST_KEY_UISupportedInterfaceOrientations_iPhone = "UIInterfaceOrientationPortrait UIInterfaceOrientationLandscapeLeft UIInterfaceOrientationLandscapeRight";
				IPHONEOS_DEPLOYMENT_TARGET = 18.0;
				LD_RUNPATH_SEARCH_PATHS = (
					"$(inherited)",
					"@executable_path/Frameworks",
				);
				MARKETING_VERSION = 1.0;
				PRODUCT_BUNDLE_IDENTIFIER = "sladdagiri.Music-Strip";
				PRODUCT_NAME = "$(TARGET_NAME)";
				SWIFT_EMIT_LOC_STRINGS = YES;
				SWIFT_VERSION = 5.0;
				TARGETED_DEVICE_FAMILY = "1,2";
			};
			name = Release;
		};
		4463607F2E441CF40077A2E2 /* Debug */ = {
			isa = XCBuildConfiguration;
			buildSettings = {
				BUNDLE_LOADER = "$(TEST_HOST)";
				CODE_SIGN_STYLE = Automatic;
				CURRENT_PROJECT_VERSION = 1;
				DEVELOPMENT_TEAM = D7Q7DB5R8J;
				GENERATE_INFOPLIST_FILE = YES;
				IPHONEOS_DEPLOYMENT_TARGET = 18.2;
				MARKETING_VERSION = 1.0;
				PRODUCT_BUNDLE_IDENTIFIER = "sladdagiri.Music-StripTests";
				PRODUCT_NAME = "$(TARGET_NAME)";
				SWIFT_EMIT_LOC_STRINGS = NO;
				SWIFT_VERSION = 5.0;
				TARGETED_DEVICE_FAMILY = "1,2";
				TEST_HOST = "$(BUILT_PRODUCTS_DIR)/Music Strip.app/$(BUNDLE_EXECUTABLE_FOLDER_PATH)/Music Strip";
			};
			name = Debug;
		};
		446360802E441CF40077A2E2 /* Release */ = {
			isa = XCBuildConfiguration;
			buildSettings = {
				BUNDLE_LOADER = "$(TEST_HOST)";
				CODE_SIGN_STYLE = Automatic;
				CURRENT_PROJECT_VERSION = 1;
				DEVELOPMENT_TEAM = D7Q7DB5R8J;
				GENERATE_INFOPLIST_FILE = YES;
				IPHONEOS_DEPLOYMENT_TARGET = 18.2;
				MARKETING_VERSION = 1.0;
				PRODUCT_BUNDLE_IDENTIFIER = "sladdagiri.Music-StripTests";
				PRODUCT_NAME = "$(TARGET_NAME)";
				SWIFT_EMIT_LOC_STRINGS = NO;
				SWIFT_VERSION = 5.0;
				TARGETED_DEVICE_FAMILY = "1,2";
				TEST_HOST = "$(BUILT_PRODUCTS_DIR)/Music Strip.app/$(BUNDLE_EXECUTABLE_FOLDER_PATH)/Music Strip";
			};
			name = Release;
		};
		446360822E441CF40077A2E2 /* Debug */ = {
			isa = XCBuildConfiguration;
			buildSettings = {
				CODE_SIGN_STYLE = Automatic;
				CURRENT_PROJECT_VERSION = 1;
				DEVELOPMENT_TEAM = D7Q7DB5R8J;
				GENERATE_INFOPLIST_FILE = YES;
				MARKETING_VERSION = 1.0;
				PRODUCT_BUNDLE_IDENTIFIER = "sladdagiri.Music-StripUITests";
				PRODUCT_NAME = "$(TARGET_NAME)";
				SWIFT_EMIT_LOC_STRINGS = NO;
				SWIFT_VERSION = 5.0;
				TARGETED_DEVICE_FAMILY = "1,2";
				TEST_TARGET_NAME = "Music Strip";
			};
			name = Debug;
		};
		446360832E441CF40077A2E2 /* Release */ = {
			isa = XCBuildConfiguration;
			buildSettings = {
				CODE_SIGN_STYLE = Automatic;
				CURRENT_PROJECT_VERSION = 1;
				DEVELOPMENT_TEAM = D7Q7DB5R8J;
				GENERATE_INFOPLIST_FILE = YES;
				MARKETING_VERSION = 1.0;
				PRODUCT_BUNDLE_IDENTIFIER = "sladdagiri.Music-StripUITests";
				PRODUCT_NAME = "$(TARGET_NAME)";
				SWIFT_EMIT_LOC_STRINGS = NO;
				SWIFT_VERSION = 5.0;
				TARGETED_DEVICE_FAMILY = "1,2";
				TEST_TARGET_NAME = "Music Strip";
			};
			name = Release;
		};
/* End XCBuildConfiguration section */

/* Begin XCConfigurationList section */
		446360522E441CF30077A2E2 /* Build configuration list for PBXProject "Music Strip" */ = {
			isa = XCConfigurationList;
			buildConfigurations = (
				446360792E441CF40077A2E2 /* Debug */,
				4463607A2E441CF40077A2E2 /* Release */,
			);
			defaultConfigurationIsVisible = 0;
			defaultConfigurationName = Release;
		};
		4463607B2E441CF40077A2E2 /* Build configuration list for PBXNativeTarget "Music Strip" */ = {
			isa = XCConfigurationList;
			buildConfigurations = (
				4463607C2E441CF40077A2E2 /* Debug */,
				4463607D2E441CF40077A2E2 /* Release */,
			);
			defaultConfigurationIsVisible = 0;
			defaultConfigurationName = Release;
		};
		4463607E2E441CF40077A2E2 /* Build configuration list for PBXNativeTarget "Music StripTests" */ = {
			isa = XCConfigurationList;
			buildConfigurations = (
				4463607F2E441CF40077A2E2 /* Debug */,
				446360802E441CF40077A2E2 /* Release */,
			);
			defaultConfigurationIsVisible = 0;
			defaultConfigurationName = Release;
		};
		446360812E441CF40077A2E2 /* Build configuration list for PBXNativeTarget "Music StripUITests" */ = {
			isa = XCConfigurationList;
			buildConfigurations = (
				446360822E441CF40077A2E2 /* Debug */,
				446360832E441CF40077A2E2 /* Release */,
			);
			defaultConfigurationIsVisible = 0;
			defaultConfigurationName = Release;
		};
/* End XCConfigurationList section */

/* Begin XCRemoteSwiftPackageReference section */
		446360A82E4471B70077A2E2 /* XCRemoteSwiftPackageReference "ModernSlider" */ = {
			isa = XCRemoteSwiftPackageReference;
			repositoryURL = "https://github.com/arjun-dureja/ModernSlider";
			requirement = {
				branch = main;
				kind = branch;
			};
		};
/* End XCRemoteSwiftPackageReference section */

/* Begin XCSwiftPackageProductDependency section */
		446360A92E4471B70077A2E2 /* ModernSlider */ = {
			isa = XCSwiftPackageProductDependency;
			package = 446360A82E4471B70077A2E2 /* XCRemoteSwiftPackageReference "ModernSlider" */;
			productName = ModernSlider;
		};
/* End XCSwiftPackageProductDependency section */
	};
	rootObject = 4463604F2E441CF30077A2E2 /* Project object */;
}
