{
  "originHash" : "d34266276844131cf3727a01e74211715c9ef0d6df9fc0d7a9db14e4851fc7c8",
  "pins" : [
    {
      "identity" : "alderis",
      "kind" : "remoteSourceControl",
      "location" : "http://github.com/hbang/Alderis.git",
      "state" : {
        "revision" : "92cfde8ee6e76fa28378c644b9be81a5dcf233b0",
        "version" : "1.2.4"
      }
    },
    {
      "identity" : "colorthiefswift",
      "kind" : "remoteSourceControl",
      "location" : "https://github.com/yamoridon/ColorThiefSwift",
      "state" : {
        "revision" : "ac04a95acca965f8030a01293c31621b2a812c39",
        "version" : "0.5.0"
      }
    },
    {
      "identity" : "ios-sdk",
      "kind" : "remoteSourceControl",
      "location" : "https://github.com/spotify/ios-sdk",
      "state" : {
        "branch" : "master",
        "revision" : "af71ec0bcf3baa7ec88c72119b7fdf65eb91fd67"
      }
    },
    {
      "identity" : "modernslider",
      "kind" : "remoteSourceControl",
      "location" : "https://github.com/arjun-dureja/ModernSlider",
      "state" : {
        "branch" : "main",
        "revision" : "614f8f76c680a0f9a049c1b62163dca38e0c3091"
      }
    }
  ],
  "version" : 3
}
