{
  "originHash" : "44bceab4be0f5b8179e85b65f60c180039aefca5e4b78486ed422075e199b254",
  "pins" : [
    {
      "identity" : "colorthiefswift",
      "kind" : "remoteSourceControl",
      "location" : "https://github.com/yamoridon/ColorThiefSwift",
      "state" : {
        "revision" : "ac04a95acca965f8030a01293c31621b2a812c39",
        "version" : "0.5.0"
      }
    },
    {
      "identity" : "ios-sdk",
      "kind" : "remoteSourceControl",
      "location" : "https://github.com/spotify/ios-sdk",
      "state" : {
        "branch" : "master",
        "revision" : "af71ec0bcf3baa7ec88c72119b7fdf65eb91fd67"
      }
    },
    {
      "identity" : "modernslider",
      "kind" : "remoteSourceControl",
      "location" : "https://github.com/arjun-dureja/ModernSlider",
      "state" : {
        "branch" : "main",
        "revision" : "614f8f76c680a0f9a049c1b62163dca38e0c3091"
      }
    }
  ],
  "version" : 3
}
